// !$*UTF8*$!
{
	archiveVersion = 1;
	classes = {
	};
	objectVersion = 77;
	objects = {

/* Begin PBXBuildFile section */
		1B0164CA2F20C70300BD09BD /* Auth in Frameworks */ = {isa = PBXBuildFile; productRef = 1B0164C92F20C70300BD09BD /* Auth */; };
		1B0164CC2F20C70300BD09BD /* Functions in Frameworks */ = {isa = PBXBuildFile; productRef = 1B0164CB2F20C70300BD09BD /* Functions */; };
		1B0164CE2F20C70300BD09BD /* PostgREST in Frameworks */ = {isa = PBXBuildFile; productRef = 1B0164CD2F20C70300BD09BD /* PostgREST */; };
		1B0164D02F20C70300BD09BD /* Realtime in Frameworks */ = {isa = PBXBuildFile; productRef = 1B0164CF2F20C70300BD09BD /* Realtime */; };
		1B0164D22F20C70300BD09BD /* Storage in Frameworks */ = {isa = PBXBuildFile; productRef = 1B0164D12F20C70300BD09BD /* Storage */; };
		1B0164D42F20C70300BD09BD /* Supabase in Frameworks */ = {isa = PBXBuildFile; productRef = 1B0164D32F20C70300BD09BD /* Supabase */; };
		1BF63D612F181C86008F8F52 /* watch-car-step Watch App.app in Embed Watch Content */ = {isa = PBXBuildFile; fileRef = 1BF63D412F181C84008F8F52 /* watch-car-step Watch App.app */; settings = {ATTRIBUTES = (RemoveHeadersOnCopy, ); }; };
/* End PBXBuildFile section */

/* Begin PBXContainerItemProxy section */
		1B6F40832F0E8A7100AE9D82 /* PBXContainerItemProxy */ = {
			isa = PBXContainerItemProxy;
			containerPortal = 1B6F406D2F0E8A6F00AE9D82 /* Project object */;
			proxyType = 1;
			remoteGlobalIDString = 1B6F40742F0E8A6F00AE9D82;
			remoteInfo = "car-step";
		};
		1B6F408D2F0E8A7100AE9D82 /* PBXContainerItemProxy */ = {
			isa = PBXContainerItemProxy;
			containerPortal = 1B6F406D2F0E8A6F00AE9D82 /* Project object */;
			proxyType = 1;
			remoteGlobalIDString = 1B6F40742F0E8A6F00AE9D82;
			remoteInfo = "car-step";
		};
		1BF63D4E2F181C86008F8F52 /* PBXContainerItemProxy */ = {
			isa = PBXContainerItemProxy;
			containerPortal = 1B6F406D2F0E8A6F00AE9D82 /* Project object */;
			proxyType = 1;
			remoteGlobalIDString = 1BF63D402F181C84008F8F52;
			remoteInfo = "watch-car-step Watch App";
		};
		1BF63D582F181C86008F8F52 /* PBXContainerItemProxy */ = {
			isa = PBXContainerItemProxy;
			containerPortal = 1B6F406D2F0E8A6F00AE9D82 /* Project object */;
			proxyType = 1;
			remoteGlobalIDString = 1BF63D402F181C84008F8F52;
			remoteInfo = "watch-car-step Watch App";
		};
		1BF63D5F2F181C86008F8F52 /* PBXContainerItemProxy */ = {
			isa = PBXContainerItemProxy;
			containerPortal = 1B6F406D2F0E8A6F00AE9D82 /* Project object */;
			proxyType = 1;
			remoteGlobalIDString = 1BF63D402F181C84008F8F52;
			remoteInfo = "watch-car-step Watch App";
		};
/* End PBXContainerItemProxy section */

/* Begin PBXCopyFilesBuildPhase section */
		1BF63D652F181C86008F8F52 /* Embed Watch Content */ = {
			isa = PBXCopyFilesBuildPhase;
			buildActionMask = 2147483647;
			dstPath = "$(CONTENTS_FOLDER_PATH)/Watch";
			dstSubfolderSpec = 16;
			files = (
				1BF63D612F181C86008F8F52 /* watch-car-step Watch App.app in Embed Watch Content */,
			);
			name = "Embed Watch Content";
			runOnlyForDeploymentPostprocessing = 0;
		};
/* End PBXCopyFilesBuildPhase section */

/* Begin PBXFileReference section */
		1B6F40752F0E8A6F00AE9D82 /* car-step.app */ = {isa = PBXFileReference; explicitFileType = wrapper.application; includeInIndex = 0; path = "car-step.app"; sourceTree = BUILT_PRODUCTS_DIR; };
		1B6F40822F0E8A7100AE9D82 /* car-stepTests.xctest */ = {isa = PBXFileReference; explicitFileType = wrapper.cfbundle; includeInIndex = 0; path = "car-stepTests.xctest"; sourceTree = BUILT_PRODUCTS_DIR; };
		1B6F408C2F0E8A7100AE9D82 /* car-stepUITests.xctest */ = {isa = PBXFileReference; explicitFileType = wrapper.cfbundle; includeInIndex = 0; path = "car-stepUITests.xctest"; sourceTree = BUILT_PRODUCTS_DIR; };
		1BF63D412F181C84008F8F52 /* watch-car-step Watch App.app */ = {isa = PBXFileReference; explicitFileType = wrapper.application; includeInIndex = 0; path = "watch-car-step Watch App.app"; sourceTree = BUILT_PRODUCTS_DIR; };
		1BF63D4D2F181C86008F8F52 /* watch-car-step Watch AppTests.xctest */ = {isa = PBXFileReference; explicitFileType = wrapper.cfbundle; includeInIndex = 0; path = "watch-car-step Watch AppTests.xctest"; sourceTree = BUILT_PRODUCTS_DIR; };
		1BF63D572F181C86008F8F52 /* watch-car-step Watch AppUITests.xctest */ = {isa = PBXFileReference; explicitFileType = wrapper.cfbundle; includeInIndex = 0; path = "watch-car-step Watch AppUITests.xctest"; sourceTree = BUILT_PRODUCTS_DIR; };
/* End PBXFileReference section */

/* Begin PBXFileSystemSynchronizedBuildFileExceptionSet section */
		1B0164B22F1A8FBC00BD09BD /* Exceptions for "car-step" folder in "watch-car-step Watch App" target */ = {
			isa = PBXFileSystemSynchronizedBuildFileExceptionSet;
			membershipExceptions = (
				Data/AppData.swift,
				Data/Car.swift,
				Data/Day.swift,
				Data/Fuel.swift,
				Data/HealthKitManager.swift,
				Data/Part.swift,
				Data/PartShapes.swift,
				Data/Quest.swift,
				Data/WatchConnectivitySync.swift,
			);
			target = 1BF63D402F181C84008F8F52 /* watch-car-step Watch App */;
		};
		1B0164DD2F20CD9100BD09BD /* Exceptions for "car-step" folder in "car-step" target */ = {
			isa = PBXFileSystemSynchronizedBuildFileExceptionSet;
			membershipExceptions = (
				Info.plist,
			);
			target = 1B6F40742F0E8A6F00AE9D82 /* car-step */;
		};
/* End PBXFileSystemSynchronizedBuildFileExceptionSet section */

/* Begin PBXFileSystemSynchronizedRootGroup section */
		1B6F40772F0E8A6F00AE9D82 /* car-step */ = {
			isa = PBXFileSystemSynchronizedRootGroup;
			exceptions = (
				1B0164DD2F20CD9100BD09BD /* Exceptions for "car-step" folder in "car-step" target */,
				1B0164B22F1A8FBC00BD09BD /* Exceptions for "car-step" folder in "watch-car-step Watch App" target */,
			);
			path = "car-step";
			sourceTree = "<group>";
		};
		1B6F40852F0E8A7100AE9D82 /* car-stepTests */ = {
			isa = PBXFileSystemSynchronizedRootGroup;
			path = "car-stepTests";
			sourceTree = "<group>";
		};
		1B6F408F2F0E8A7100AE9D82 /* car-stepUITests */ = {
			isa = PBXFileSystemSynchronizedRootGroup;
			path = "car-stepUITests";
			sourceTree = "<group>";
		};
		1BF63D422F181C84008F8F52 /* watch-car-step Watch App */ = {
			isa = PBXFileSystemSynchronizedRootGroup;
			path = "watch-car-step Watch App";
			sourceTree = "<group>";
		};
		1BF63D502F181C86008F8F52 /* watch-car-step Watch AppTests */ = {
			isa = PBXFileSystemSynchronizedRootGroup;
			path = "watch-car-step Watch AppTests";
			sourceTree = "<group>";
		};
		1BF63D5A2F181C86008F8F52 /* watch-car-step Watch AppUITests */ = {
			isa = PBXFileSystemSynchronizedRootGroup;
			path = "watch-car-step Watch AppUITests";
			sourceTree = "<group>";
		};
/* End PBXFileSystemSynchronizedRootGroup section */

/* Begin PBXFrameworksBuildPhase section */
		1B6F40722F0E8A6F00AE9D82 /* Frameworks */ = {
			isa = PBXFrameworksBuildPhase;
			buildActionMask = 2147483647;
			files = (
				1B0164CE2F20C70300BD09BD /* PostgREST in Frameworks */,
				1B0164CC2F20C70300BD09BD /* Functions in Frameworks */,
				1B0164D42F20C70300BD09BD /* Supabase in Frameworks */,
				1B0164CA2F20C70300BD09BD /* Auth in Frameworks */,
				1B0164D22F20C70300BD09BD /* Storage in Frameworks */,
				1B0164D02F20C70300BD09BD /* Realtime in Frameworks */,
			);
			runOnlyForDeploymentPostprocessing = 0;
		};
		1B6F407F2F0E8A7100AE9D82 /* Frameworks */ = {
			isa = PBXFrameworksBuildPhase;
			buildActionMask = 2147483647;
			files = (
			);
			runOnlyForDeploymentPostprocessing = 0;
		};
		1B6F40892F0E8A7100AE9D82 /* Frameworks */ = {
			isa = PBXFrameworksBuildPhase;
			buildActionMask = 2147483647;
			files = (
			);
			runOnlyForDeploymentPostprocessing = 0;
		};
		1BF63D3E2F181C84008F8F52 /* Frameworks */ = {
			isa = PBXFrameworksBuildPhase;
			buildActionMask = 2147483647;
			files = (
			);
			runOnlyForDeploymentPostprocessing = 0;
		};
		1BF63D4A2F181C86008F8F52 /* Frameworks */ = {
			isa = PBXFrameworksBuildPhase;
			buildActionMask = 2147483647;
			files = (
			);
			runOnlyForDeploymentPostprocessing = 0;
		};
		1BF63D542F181C86008F8F52 /* Frameworks */ = {
			isa = PBXFrameworksBuildPhase;
			buildActionMask = 2147483647;
			files = (
			);
			runOnlyForDeploymentPostprocessing = 0;
		};
/* End PBXFrameworksBuildPhase section */

/* Begin PBXGroup section */
		1B6F406C2F0E8A6F00AE9D82 = {
			isa = PBXGroup;
			children = (
				1B6F40772F0E8A6F00AE9D82 /* car-step */,
				1B6F40852F0E8A7100AE9D82 /* car-stepTests */,
				1B6F408F2F0E8A7100AE9D82 /* car-stepUITests */,
				1BF63D422F181C84008F8F52 /* watch-car-step Watch App */,
				1BF63D502F181C86008F8F52 /* watch-car-step Watch AppTests */,
				1BF63D5A2F181C86008F8F52 /* watch-car-step Watch AppUITests */,
				1B6F40762F0E8A6F00AE9D82 /* Products */,
			);
			sourceTree = "<group>";
		};
		1B6F40762F0E8A6F00AE9D82 /* Products */ = {
			isa = PBXGroup;
			children = (
				1B6F40752F0E8A6F00AE9D82 /* car-step.app */,
				1B6F40822F0E8A7100AE9D82 /* car-stepTests.xctest */,
				1B6F408C2F0E8A7100AE9D82 /* car-stepUITests.xctest */,
				1BF63D412F181C84008F8F52 /* watch-car-step Watch App.app */,
				1BF63D4D2F181C86008F8F52 /* watch-car-step Watch AppTests.xctest */,
				1BF63D572F181C86008F8F52 /* watch-car-step Watch AppUITests.xctest */,
			);
			name = Products;
			sourceTree = "<group>";
		};
/* End PBXGroup section */

/* Begin PBXNativeTarget section */
		1B6F40742F0E8A6F00AE9D82 /* car-step */ = {
			isa = PBXNativeTarget;
			buildConfigurationList = 1B6F40962F0E8A7100AE9D82 /* Build configuration list for PBXNativeTarget "car-step" */;
			buildPhases = (
				1B6F40712F0E8A6F00AE9D82 /* Sources */,
				1B6F40722F0E8A6F00AE9D82 /* Frameworks */,
				1B6F40732F0E8A6F00AE9D82 /* Resources */,
				1BF63D652F181C86008F8F52 /* Embed Watch Content */,
			);
			buildRules = (
			);
			dependencies = (
				1BF63D602F181C86008F8F52 /* PBXTargetDependency */,
			);
			fileSystemSynchronizedGroups = (
				1B6F40772F0E8A6F00AE9D82 /* car-step */,
			);
			name = "car-step";
			packageProductDependencies = (
				1B0164C92F20C70300BD09BD /* Auth */,
				1B0164CB2F20C70300BD09BD /* Functions */,
				1B0164CD2F20C70300BD09BD /* PostgREST */,
				1B0164CF2F20C70300BD09BD /* Realtime */,
				1B0164D12F20C70300BD09BD /* Storage */,
				1B0164D32F20C70300BD09BD /* Supabase */,
			);
			productName = "car-step";
			productReference = 1B6F40752F0E8A6F00AE9D82 /* car-step.app */;
			productType = "com.apple.product-type.application";
		};
		1B6F40812F0E8A7100AE9D82 /* car-stepTests */ = {
			isa = PBXNativeTarget;
			buildConfigurationList = 1B6F40992F0E8A7100AE9D82 /* Build configuration list for PBXNativeTarget "car-stepTests" */;
			buildPhases = (
				1B6F407E2F0E8A7100AE9D82 /* Sources */,
				1B6F407F2F0E8A7100AE9D82 /* Frameworks */,
				1B6F40802F0E8A7100AE9D82 /* Resources */,
			);
			buildRules = (
			);
			dependencies = (
				1B6F40842F0E8A7100AE9D82 /* PBXTargetDependency */,
			);
			fileSystemSynchronizedGroups = (
				1B6F40852F0E8A7100AE9D82 /* car-stepTests */,
			);
			name = "car-stepTests";
			packageProductDependencies = (
			);
			productName = "car-stepTests";
			productReference = 1B6F40822F0E8A7100AE9D82 /* car-stepTests.xctest */;
			productType = "com.apple.product-type.bundle.unit-test";
		};
		1B6F408B2F0E8A7100AE9D82 /* car-stepUITests */ = {
			isa = PBXNativeTarget;
			buildConfigurationList = 1B6F409C2F0E8A7100AE9D82 /* Build configuration list for PBXNativeTarget "car-stepUITests" */;
			buildPhases = (
				1B6F40882F0E8A7100AE9D82 /* Sources */,
				1B6F40892F0E8A7100AE9D82 /* Frameworks */,
				1B6F408A2F0E8A7100AE9D82 /* Resources */,
			);
			buildRules = (
			);
			dependencies = (
				1B6F408E2F0E8A7100AE9D82 /* PBXTargetDependency */,
			);
			fileSystemSynchronizedGroups = (
				1B6F408F2F0E8A7100AE9D82 /* car-stepUITests */,
			);
			name = "car-stepUITests";
			packageProductDependencies = (
			);
			productName = "car-stepUITests";
			productReference = 1B6F408C2F0E8A7100AE9D82 /* car-stepUITests.xctest */;
			productType = "com.apple.product-type.bundle.ui-testing";
		};
		1BF63D402F181C84008F8F52 /* watch-car-step Watch App */ = {
			isa = PBXNativeTarget;
			buildConfigurationList = 1BF63D622F181C86008F8F52 /* Build configuration list for PBXNativeTarget "watch-car-step Watch App" */;
			buildPhases = (
				1BF63D3D2F181C84008F8F52 /* Sources */,
				1BF63D3E2F181C84008F8F52 /* Frameworks */,
				1BF63D3F2F181C84008F8F52 /* Resources */,
			);
			buildRules = (
			);
			dependencies = (
			);
			fileSystemSynchronizedGroups = (
				1BF63D422F181C84008F8F52 /* watch-car-step Watch App */,
			);
			name = "watch-car-step Watch App";
			packageProductDependencies = (
			);
			productName = "watch-car-step Watch App";
			productReference = 1BF63D412F181C84008F8F52 /* watch-car-step Watch App.app */;
			productType = "com.apple.product-type.application";
		};
		1BF63D4C2F181C86008F8F52 /* watch-car-step Watch AppTests */ = {
			isa = PBXNativeTarget;
			buildConfigurationList = 1BF63D662F181C86008F8F52 /* Build configuration list for PBXNativeTarget "watch-car-step Watch AppTests" */;
			buildPhases = (
				1BF63D492F181C86008F8F52 /* Sources */,
				1BF63D4A2F181C86008F8F52 /* Frameworks */,
				1BF63D4B2F181C86008F8F52 /* Resources */,
			);
			buildRules = (
			);
			dependencies = (
				1BF63D4F2F181C86008F8F52 /* PBXTargetDependency */,
			);
			fileSystemSynchronizedGroups = (
				1BF63D502F181C86008F8F52 /* watch-car-step Watch AppTests */,
			);
			name = "watch-car-step Watch AppTests";
			packageProductDependencies = (
			);
			productName = "watch-car-step Watch AppTests";
			productReference = 1BF63D4D2F181C86008F8F52 /* watch-car-step Watch AppTests.xctest */;
			productType = "com.apple.product-type.bundle.unit-test";
		};
		1BF63D562F181C86008F8F52 /* watch-car-step Watch AppUITests */ = {
			isa = PBXNativeTarget;
			buildConfigurationList = 1BF63D692F181C86008F8F52 /* Build configuration list for PBXNativeTarget "watch-car-step Watch AppUITests" */;
			buildPhases = (
				1BF63D532F181C86008F8F52 /* Sources */,
				1BF63D542F181C86008F8F52 /* Frameworks */,
				1BF63D552F181C86008F8F52 /* Resources */,
			);
			buildRules = (
			);
			dependencies = (
				1BF63D592F181C86008F8F52 /* PBXTargetDependency */,
			);
			fileSystemSynchronizedGroups = (
				1BF63D5A2F181C86008F8F52 /* watch-car-step Watch AppUITests */,
			);
			name = "watch-car-step Watch AppUITests";
			packageProductDependencies = (
			);
			productName = "watch-car-step Watch AppUITests";
			productReference = 1BF63D572F181C86008F8F52 /* watch-car-step Watch AppUITests.xctest */;
			productType = "com.apple.product-type.bundle.ui-testing";
		};
/* End PBXNativeTarget section */

/* Begin PBXProject section */
		1B6F406D2F0E8A6F00AE9D82 /* Project object */ = {
			isa = PBXProject;
			attributes = {
				BuildIndependentTargetsInParallel = 1;
				LastSwiftUpdateCheck = 2620;
				LastUpgradeCheck = 2620;
				TargetAttributes = {
					1B6F40742F0E8A6F00AE9D82 = {
						CreatedOnToolsVersion = 26.2;
					};
					1B6F40812F0E8A7100AE9D82 = {
						CreatedOnToolsVersion = 26.2;
						TestTargetID = 1B6F40742F0E8A6F00AE9D82;
					};
					1B6F408B2F0E8A7100AE9D82 = {
						CreatedOnToolsVersion = 26.2;
						TestTargetID = 1B6F40742F0E8A6F00AE9D82;
					};
					1BF63D402F181C84008F8F52 = {
						CreatedOnToolsVersion = 26.2;
					};
					1BF63D4C2F181C86008F8F52 = {
						CreatedOnToolsVersion = 26.2;
						TestTargetID = 1BF63D402F181C84008F8F52;
					};
					1BF63D562F181C86008F8F52 = {
						CreatedOnToolsVersion = 26.2;
						TestTargetID = 1BF63D402F181C84008F8F52;
					};
				};
			};
			buildConfigurationList = 1B6F40702F0E8A6F00AE9D82 /* Build configuration list for PBXProject "car-step" */;
			developmentRegion = en;
			hasScannedForEncodings = 0;
			knownRegions = (
				en,
				Base,
			);
			mainGroup = 1B6F406C2F0E8A6F00AE9D82;
			minimizedProjectReferenceProxies = 1;
			packageReferences = (
				1B0164C82F20C70300BD09BD /* XCRemoteSwiftPackageReference "supabase-swift" */,
			);
			preferredProjectObjectVersion = 77;
			productRefGroup = 1B6F40762F0E8A6F00AE9D82 /* Products */;
			projectDirPath = "";
			projectRoot = "";
			targets = (
				1B6F40742F0E8A6F00AE9D82 /* car-step */,
				1B6F40812F0E8A7100AE9D82 /* car-stepTests */,
				1B6F408B2F0E8A7100AE9D82 /* car-stepUITests */,
				1BF63D402F181C84008F8F52 /* watch-car-step Watch App */,
				1BF63D4C2F181C86008F8F52 /* watch-car-step Watch AppTests */,
				1BF63D562F181C86008F8F52 /* watch-car-step Watch AppUITests */,
			);
		};
/* End PBXProject section */

/* Begin PBXResourcesBuildPhase section */
		1B6F40732F0E8A6F00AE9D82 /* Resources */ = {
			isa = PBXResourcesBuildPhase;
			buildActionMask = 2147483647;
			files = (
			);
			runOnlyForDeploymentPostprocessing = 0;
		};
		1B6F40802F0E8A7100AE9D82 /* Resources */ = {
			isa = PBXResourcesBuildPhase;
			buildActionMask = 2147483647;
			files = (
			);
			runOnlyForDeploymentPostprocessing = 0;
		};
		1B6F408A2F0E8A7100AE9D82 /* Resources */ = {
			isa = PBXResourcesBuildPhase;
			buildActionMask = 2147483647;
			files = (
			);
			runOnlyForDeploymentPostprocessing = 0;
		};
		1BF63D3F2F181C84008F8F52 /* Resources */ = {
			isa = PBXResourcesBuildPhase;
			buildActionMask = 2147483647;
			files = (
			);
			runOnlyForDeploymentPostprocessing = 0;
		};
		1BF63D4B2F181C86008F8F52 /* Resources */ = {
			isa = PBXResourcesBuildPhase;
			buildActionMask = 2147483647;
			files = (
			);
			runOnlyForDeploymentPostprocessing = 0;
		};
		1BF63D552F181C86008F8F52 /* Resources */ = {
			isa = PBXResourcesBuildPhase;
			buildActionMask = 2147483647;
			files = (
			);
			runOnlyForDeploymentPostprocessing = 0;
		};
/* End PBXResourcesBuildPhase section */

/* Begin PBXSourcesBuildPhase section */
		1B6F40712F0E8A6F00AE9D82 /* Sources */ = {
			isa = PBXSourcesBuildPhase;
			buildActionMask = 2147483647;
			files = (
			);
			runOnlyForDeploymentPostprocessing = 0;
		};
		1B6F407E2F0E8A7100AE9D82 /* Sources */ = {
			isa = PBXSourcesBuildPhase;
			buildActionMask = 2147483647;
			files = (
			);
			runOnlyForDeploymentPostprocessing = 0;
		};
		1B6F40882F0E8A7100AE9D82 /* Sources */ = {
			isa = PBXSourcesBuildPhase;
			buildActionMask = 2147483647;
			files = (
			);
			runOnlyForDeploymentPostprocessing = 0;
		};
		1BF63D3D2F181C84008F8F52 /* Sources */ = {
			isa = PBXSourcesBuildPhase;
			buildActionMask = 2147483647;
			files = (
			);
			runOnlyForDeploymentPostprocessing = 0;
		};
		1BF63D492F181C86008F8F52 /* Sources */ = {
			isa = PBXSourcesBuildPhase;
			buildActionMask = 2147483647;
			files = (
			);
			runOnlyForDeploymentPostprocessing = 0;
		};
		1BF63D532F181C86008F8F52 /* Sources */ = {
			isa = PBXSourcesBuildPhase;
			buildActionMask = 2147483647;
			files = (
			);
			runOnlyForDeploymentPostprocessing = 0;
		};
/* End PBXSourcesBuildPhase section */

/* Begin PBXTargetDependency section */
		1B6F40842F0E8A7100AE9D82 /* PBXTargetDependency */ = {
			isa = PBXTargetDependency;
			target = 1B6F40742F0E8A6F00AE9D82 /* car-step */;
			targetProxy = 1B6F40832F0E8A7100AE9D82 /* PBXContainerItemProxy */;
		};
		1B6F408E2F0E8A7100AE9D82 /* PBXTargetDependency */ = {
			isa = PBXTargetDependency;
			target = 1B6F40742F0E8A6F00AE9D82 /* car-step */;
			targetProxy = 1B6F408D2F0E8A7100AE9D82 /* PBXContainerItemProxy */;
		};
		1BF63D4F2F181C86008F8F52 /* PBXTargetDependency */ = {
			isa = PBXTargetDependency;
			target = 1BF63D402F181C84008F8F52 /* watch-car-step Watch App */;
			targetProxy = 1BF63D4E2F181C86008F8F52 /* PBXContainerItemProxy */;
		};
		1BF63D592F181C86008F8F52 /* PBXTargetDependency */ = {
			isa = PBXTargetDependency;
			target = 1BF63D402F181C84008F8F52 /* watch-car-step Watch App */;
			targetProxy = 1BF63D582F181C86008F8F52 /* PBXContainerItemProxy */;
		};
		1BF63D602F181C86008F8F52 /* PBXTargetDependency */ = {
			isa = PBXTargetDependency;
			target = 1BF63D402F181C84008F8F52 /* watch-car-step Watch App */;
			targetProxy = 1BF63D5F2F181C86008F8F52 /* PBXContainerItemProxy */;
		};
/* End PBXTargetDependency section */

/* Begin XCBuildConfiguration section */
		1B6F40942F0E8A7100AE9D82 /* Debug */ = {
			isa = XCBuildConfiguration;
			buildSettings = {
				ALWAYS_SEARCH_USER_PATHS = NO;
				ASSETCATALOG_COMPILER_GENERATE_SWIFT_ASSET_SYMBOL_EXTENSIONS = YES;
				CLANG_ANALYZER_NONNULL = YES;
				CLANG_ANALYZER_NUMBER_OBJECT_CONVERSION = YES_AGGRESSIVE;
				CLANG_CXX_LANGUAGE_STANDARD = "gnu++20";
				CLANG_ENABLE_MODULES = YES;
				CLANG_ENABLE_OBJC_ARC = YES;
				CLANG_ENABLE_OBJC_WEAK = YES;
				CLANG_WARN_BLOCK_CAPTURE_AUTORELEASING = YES;
				CLANG_WARN_BOOL_CONVERSION = YES;
				CLANG_WARN_COMMA = YES;
				CLANG_WARN_CONSTANT_CONVERSION = YES;
				CLANG_WARN_DEPRECATED_OBJC_IMPLEMENTATIONS = YES;
				CLANG_WARN_DIRECT_OBJC_ISA_USAGE = YES_ERROR;
				CLANG_WARN_DOCUMENTATION_COMMENTS = YES;
				CLANG_WARN_EMPTY_BODY = YES;
				CLANG_WARN_ENUM_CONVERSION = YES;
				CLANG_WARN_INFINITE_RECURSION = YES;
				CLANG_WARN_INT_CONVERSION = YES;
				CLANG_WARN_NON_LITERAL_NULL_CONVERSION = YES;
				CLANG_WARN_OBJC_IMPLICIT_RETAIN_SELF = YES;
				CLANG_WARN_OBJC_LITERAL_CONVERSION = YES;
				CLANG_WARN_OBJC_ROOT_CLASS = YES_ERROR;
				CLANG_WARN_QUOTED_INCLUDE_IN_FRAMEWORK_HEADER = YES;
				CLANG_WARN_RANGE_LOOP_ANALYSIS = YES;
				CLANG_WARN_STRICT_PROTOTYPES = YES;
				CLANG_WARN_SUSPICIOUS_MOVE = YES;
				CLANG_WARN_UNGUARDED_AVAILABILITY = YES_AGGRESSIVE;
				CLANG_WARN_UNREACHABLE_CODE = YES;
				CLANG_WARN__DUPLICATE_METHOD_MATCH = YES;
				COPY_PHASE_STRIP = NO;
				DEBUG_INFORMATION_FORMAT = dwarf;
				ENABLE_STRICT_OBJC_MSGSEND = YES;
				ENABLE_TESTABILITY = YES;
				ENABLE_USER_SCRIPT_SANDBOXING = YES;
				GCC_C_LANGUAGE_STANDARD = gnu17;
				GCC_DYNAMIC_NO_PIC = NO;
				GCC_NO_COMMON_BLOCKS = YES;
				GCC_OPTIMIZATION_LEVEL = 0;
				GCC_PREPROCESSOR_DEFINITIONS = (
					"DEBUG=1",
					"$(inherited)",
				);
				GCC_WARN_64_TO_32_BIT_CONVERSION = YES;
				GCC_WARN_ABOUT_RETURN_TYPE = YES_ERROR;
				GCC_WARN_UNDECLARED_SELECTOR = YES;
				GCC_WARN_UNINITIALIZED_AUTOS = YES_AGGRESSIVE;
				GCC_WARN_UNUSED_FUNCTION = YES;
				GCC_WARN_UNUSED_VARIABLE = YES;
				IPHONEOS_DEPLOYMENT_TARGET = 26.2;
				LOCALIZATION_PREFERS_STRING_CATALOGS = YES;
				MTL_ENABLE_DEBUG_INFO = INCLUDE_SOURCE;
				MTL_FAST_MATH = YES;
				ONLY_ACTIVE_ARCH = YES;
				SDKROOT = iphoneos;
				SWIFT_ACTIVE_COMPILATION_CONDITIONS = "DEBUG $(inherited)";
				SWIFT_OPTIMIZATION_LEVEL = "-Onone";
			};
			name = Debug;
		};
		1B6F40952F0E8A7100AE9D82 /* Release */ = {
			isa = XCBuildConfiguration;
			buildSettings = {
				ALWAYS_SEARCH_USER_PATHS = NO;
				ASSETCATALOG_COMPILER_GENERATE_SWIFT_ASSET_SYMBOL_EXTENSIONS = YES;
				CLANG_ANALYZER_NONNULL = YES;
				CLANG_ANALYZER_NUMBER_OBJECT_CONVERSION = YES_AGGRESSIVE;
				CLANG_CXX_LANGUAGE_STANDARD = "gnu++20";
				CLANG_ENABLE_MODULES = YES;
				CLANG_ENABLE_OBJC_ARC = YES;
				CLANG_ENABLE_OBJC_WEAK = YES;
				CLANG_WARN_BLOCK_CAPTURE_AUTORELEASING = YES;
				CLANG_WARN_BOOL_CONVERSION = YES;
				CLANG_WARN_COMMA = YES;
				CLANG_WARN_CONSTANT_CONVERSION = YES;
				CLANG_WARN_DEPRECATED_OBJC_IMPLEMENTATIONS = YES;
				CLANG_WARN_DIRECT_OBJC_ISA_USAGE = YES_ERROR;
				CLANG_WARN_DOCUMENTATION_COMMENTS = YES;
				CLANG_WARN_EMPTY_BODY = YES;
				CLANG_WARN_ENUM_CONVERSION = YES;
				CLANG_WARN_INFINITE_RECURSION = YES;
				CLANG_WARN_INT_CONVERSION = YES;
				CLANG_WARN_NON_LITERAL_NULL_CONVERSION = YES;
				CLANG_WARN_OBJC_IMPLICIT_RETAIN_SELF = YES;
				CLANG_WARN_OBJC_LITERAL_CONVERSION = YES;
				CLANG_WARN_OBJC_ROOT_CLASS = YES_ERROR;
				CLANG_WARN_QUOTED_INCLUDE_IN_FRAMEWORK_HEADER = YES;
				CLANG_WARN_RANGE_LOOP_ANALYSIS = YES;
				CLANG_WARN_STRICT_PROTOTYPES = YES;
				CLANG_WARN_SUSPICIOUS_MOVE = YES;
				CLANG_WARN_UNGUARDED_AVAILABILITY = YES_AGGRESSIVE;
				CLANG_WARN_UNREACHABLE_CODE = YES;
				CLANG_WARN__DUPLICATE_METHOD_MATCH = YES;
				COPY_PHASE_STRIP = NO;
				DEBUG_INFORMATION_FORMAT = "dwarf-with-dsym";
				ENABLE_NS_ASSERTIONS = NO;
				ENABLE_STRICT_OBJC_MSGSEND = YES;
				ENABLE_USER_SCRIPT_SANDBOXING = YES;
				GCC_C_LANGUAGE_STANDARD = gnu17;
				GCC_NO_COMMON_BLOCKS = YES;
				GCC_WARN_64_TO_32_BIT_CONVERSION = YES;
				GCC_WARN_ABOUT_RETURN_TYPE = YES_ERROR;
				GCC_WARN_UNDECLARED_SELECTOR = YES;
				GCC_WARN_UNINITIALIZED_AUTOS = YES_AGGRESSIVE;
				GCC_WARN_UNUSED_FUNCTION = YES;
				GCC_WARN_UNUSED_VARIABLE = YES;
				IPHONEOS_DEPLOYMENT_TARGET = 26.2;
				LOCALIZATION_PREFERS_STRING_CATALOGS = YES;
				MTL_ENABLE_DEBUG_INFO = NO;
				MTL_FAST_MATH = YES;
				SDKROOT = iphoneos;
				SWIFT_COMPILATION_MODE = wholemodule;
				VALIDATE_PRODUCT = YES;
			};
			name = Release;
		};
		1B6F40972F0E8A7100AE9D82 /* Debug */ = {
			isa = XCBuildConfiguration;
			buildSettings = {
				ASSETCATALOG_COMPILER_APPICON_NAME = AppIcon;
				ASSETCATALOG_COMPILER_GLOBAL_ACCENT_COLOR_NAME = AccentColor;
				CODE_SIGN_ENTITLEMENTS = "car-step/car-step.entitlements";
				CODE_SIGN_STYLE = Automatic;
				CURRENT_PROJECT_VERSION = 1;
				DEVELOPMENT_TEAM = NL87JTT4RX;
				ENABLE_PREVIEWS = YES;
				GENERATE_INFOPLIST_FILE = YES;
				INFOPLIST_FILE = "car-step/Info.plist";
				INFOPLIST_KEY_NSHealthShareUsageDescription = "Pleas allow so we can use your steps";
				INFOPLIST_KEY_UIApplicationSceneManifest_Generation = YES;
				INFOPLIST_KEY_UIApplicationSupportsIndirectInputEvents = YES;
				INFOPLIST_KEY_UILaunchScreen_Generation = YES;
				INFOPLIST_KEY_UILaunchStoryboardName = LaunchScreen;
				INFOPLIST_KEY_UISupportedInterfaceOrientations_iPad = "UIInterfaceOrientationPortrait UIInterfaceOrientationPortraitUpsideDown UIInterfaceOrientationLandscapeLeft UIInterfaceOrientationLandscapeRight";
				INFOPLIST_KEY_UISupportedInterfaceOrientations_iPhone = "UIInterfaceOrientationPortrait UIInterfaceOrientationLandscapeLeft UIInterfaceOrientationLandscapeRight";
				LD_RUNPATH_SEARCH_PATHS = (
					"$(inherited)",
					"@executable_path/Frameworks",
				);
				MARKETING_VERSION = 1.0;
				PRODUCT_BUNDLE_IDENTIFIER = "maximtamp.car-step";
				PRODUCT_NAME = "$(TARGET_NAME)";
				STRING_CATALOG_GENERATE_SYMBOLS = YES;
				SWIFT_APPROACHABLE_CONCURRENCY = YES;
				SWIFT_DEFAULT_ACTOR_ISOLATION = MainActor;
				SWIFT_EMIT_LOC_STRINGS = YES;
				SWIFT_UPCOMING_FEATURE_MEMBER_IMPORT_VISIBILITY = YES;
				SWIFT_VERSION = 5.0;
				TARGETED_DEVICE_FAMILY = "1,2";
			};
			name = Debug;
		};
		1B6F40982F0E8A7100AE9D82 /* Release */ = {
			isa = XCBuildConfiguration;
			buildSettings = {
				ASSETCATALOG_COMPILER_APPICON_NAME = AppIcon;
				ASSETCATALOG_COMPILER_GLOBAL_ACCENT_COLOR_NAME = AccentColor;
				CODE_SIGN_ENTITLEMENTS = "car-step/car-step.entitlements";
				CODE_SIGN_STYLE = Automatic;
				CURRENT_PROJECT_VERSION = 1;
				DEVELOPMENT_TEAM = NL87JTT4RX;
				ENABLE_PREVIEWS = YES;
				GENERATE_INFOPLIST_FILE = YES;
				INFOPLIST_FILE = "car-step/Info.plist";
				INFOPLIST_KEY_NSHealthShareUsageDescription = "Pleas allow so we can use your steps";
				INFOPLIST_KEY_UIApplicationSceneManifest_Generation = YES;
				INFOPLIST_KEY_UIApplicationSupportsIndirectInputEvents = YES;
				INFOPLIST_KEY_UILaunchScreen_Generation = YES;
				INFOPLIST_KEY_UILaunchStoryboardName = LaunchScreen;
				INFOPLIST_KEY_UISupportedInterfaceOrientations_iPad = "UIInterfaceOrientationPortrait UIInterfaceOrientationPortraitUpsideDown UIInterfaceOrientationLandscapeLeft UIInterfaceOrientationLandscapeRight";
				INFOPLIST_KEY_UISupportedInterfaceOrientations_iPhone = "UIInterfaceOrientationPortrait UIInterfaceOrientationLandscapeLeft UIInterfaceOrientationLandscapeRight";
				LD_RUNPATH_SEARCH_PATHS = (
					"$(inherited)",
					"@executable_path/Frameworks",
				);
				MARKETING_VERSION = 1.0;
				PRODUCT_BUNDLE_IDENTIFIER = "maximtamp.car-step";
				PRODUCT_NAME = "$(TARGET_NAME)";
				STRING_CATALOG_GENERATE_SYMBOLS = YES;
				SWIFT_APPROACHABLE_CONCURRENCY = YES;
				SWIFT_DEFAULT_ACTOR_ISOLATION = MainActor;
				SWIFT_EMIT_LOC_STRINGS = YES;
				SWIFT_UPCOMING_FEATURE_MEMBER_IMPORT_VISIBILITY = YES;
				SWIFT_VERSION = 5.0;
				TARGETED_DEVICE_FAMILY = "1,2";
			};
			name = Release;
		};
		1B6F409A2F0E8A7100AE9D82 /* Debug */ = {
			isa = XCBuildConfiguration;
			buildSettings = {
				BUNDLE_LOADER = "$(TEST_HOST)";
				CODE_SIGN_STYLE = Automatic;
				CURRENT_PROJECT_VERSION = 1;
				GENERATE_INFOPLIST_FILE = YES;
				IPHONEOS_DEPLOYMENT_TARGET = 26.2;
				MARKETING_VERSION = 1.0;
				PRODUCT_BUNDLE_IDENTIFIER = "maximtamp.car-stepTests";
				PRODUCT_NAME = "$(TARGET_NAME)";
				STRING_CATALOG_GENERATE_SYMBOLS = NO;
				SWIFT_APPROACHABLE_CONCURRENCY = YES;
				SWIFT_EMIT_LOC_STRINGS = NO;
				SWIFT_UPCOMING_FEATURE_MEMBER_IMPORT_VISIBILITY = YES;
				SWIFT_VERSION = 5.0;
				TARGETED_DEVICE_FAMILY = "1,2";
				TEST_HOST = "$(BUILT_PRODUCTS_DIR)/car-step.app/$(BUNDLE_EXECUTABLE_FOLDER_PATH)/car-step";
			};
			name = Debug;
		};
		1B6F409B2F0E8A7100AE9D82 /* Release */ = {
			isa = XCBuildConfiguration;
			buildSettings = {
				BUNDLE_LOADER = "$(TEST_HOST)";
				CODE_SIGN_STYLE = Automatic;
				CURRENT_PROJECT_VERSION = 1;
				GENERATE_INFOPLIST_FILE = YES;
				IPHONEOS_DEPLOYMENT_TARGET = 26.2;
				MARKETING_VERSION = 1.0;
				PRODUCT_BUNDLE_IDENTIFIER = "maximtamp.car-stepTests";
				PRODUCT_NAME = "$(TARGET_NAME)";
				STRING_CATALOG_GENERATE_SYMBOLS = NO;
				SWIFT_APPROACHABLE_CONCURRENCY = YES;
				SWIFT_EMIT_LOC_STRINGS = NO;
				SWIFT_UPCOMING_FEATURE_MEMBER_IMPORT_VISIBILITY = YES;
				SWIFT_VERSION = 5.0;
				TARGETED_DEVICE_FAMILY = "1,2";
				TEST_HOST = "$(BUILT_PRODUCTS_DIR)/car-step.app/$(BUNDLE_EXECUTABLE_FOLDER_PATH)/car-step";
			};
			name = Release;
		};
		1B6F409D2F0E8A7100AE9D82 /* Debug */ = {
			isa = XCBuildConfiguration;
			buildSettings = {
				CODE_SIGN_STYLE = Automatic;
				CURRENT_PROJECT_VERSION = 1;
				GENERATE_INFOPLIST_FILE = YES;
				MARKETING_VERSION = 1.0;
				PRODUCT_BUNDLE_IDENTIFIER = "maximtamp.car-stepUITests";
				PRODUCT_NAME = "$(TARGET_NAME)";
				STRING_CATALOG_GENERATE_SYMBOLS = NO;
				SWIFT_APPROACHABLE_CONCURRENCY = YES;
				SWIFT_EMIT_LOC_STRINGS = NO;
				SWIFT_UPCOMING_FEATURE_MEMBER_IMPORT_VISIBILITY = YES;
				SWIFT_VERSION = 5.0;
				TARGETED_DEVICE_FAMILY = "1,2";
				TEST_TARGET_NAME = "car-step";
			};
			name = Debug;
		};
		1B6F409E2F0E8A7100AE9D82 /* Release */ = {
			isa = XCBuildConfiguration;
			buildSettings = {
				CODE_SIGN_STYLE = Automatic;
				CURRENT_PROJECT_VERSION = 1;
				GENERATE_INFOPLIST_FILE = YES;
				MARKETING_VERSION = 1.0;
				PRODUCT_BUNDLE_IDENTIFIER = "maximtamp.car-stepUITests";
				PRODUCT_NAME = "$(TARGET_NAME)";
				STRING_CATALOG_GENERATE_SYMBOLS = NO;
				SWIFT_APPROACHABLE_CONCURRENCY = YES;
				SWIFT_EMIT_LOC_STRINGS = NO;
				SWIFT_UPCOMING_FEATURE_MEMBER_IMPORT_VISIBILITY = YES;
				SWIFT_VERSION = 5.0;
				TARGETED_DEVICE_FAMILY = "1,2";
				TEST_TARGET_NAME = "car-step";
			};
			name = Release;
		};
		1BF63D632F181C86008F8F52 /* Debug */ = {
			isa = XCBuildConfiguration;
			buildSettings = {
				ASSETCATALOG_COMPILER_APPICON_NAME = AppIcon;
				ASSETCATALOG_COMPILER_GLOBAL_ACCENT_COLOR_NAME = AccentColor;
				CODE_SIGN_ENTITLEMENTS = "watch-car-step Watch App/watch-car-step Watch App.entitlements";
				CODE_SIGN_STYLE = Automatic;
				CURRENT_PROJECT_VERSION = 1;
				DEVELOPMENT_TEAM = NL87JTT4RX;
				ENABLE_PREVIEWS = YES;
				GENERATE_INFOPLIST_FILE = YES;
				INFOPLIST_KEY_CFBundleDisplayName = "watch-car-step";
				INFOPLIST_KEY_NSHealthShareUsageDescription = "Pleas allow so we can use your steps";
				INFOPLIST_KEY_UISupportedInterfaceOrientations = "UIInterfaceOrientationPortrait UIInterfaceOrientationPortraitUpsideDown";
				INFOPLIST_KEY_WKCompanionAppBundleIdentifier = "maximtamp.car-step";
				LD_RUNPATH_SEARCH_PATHS = (
					"$(inherited)",
					"@executable_path/Frameworks",
				);
				MARKETING_VERSION = 1.0;
				PRODUCT_BUNDLE_IDENTIFIER = "maximtamp.car-step.watchkitapp";
				PRODUCT_NAME = "$(TARGET_NAME)";
				SDKROOT = watchos;
				SKIP_INSTALL = YES;
				STRING_CATALOG_GENERATE_SYMBOLS = YES;
				SWIFT_APPROACHABLE_CONCURRENCY = YES;
				SWIFT_DEFAULT_ACTOR_ISOLATION = MainActor;
				SWIFT_EMIT_LOC_STRINGS = YES;
				SWIFT_UPCOMING_FEATURE_MEMBER_IMPORT_VISIBILITY = YES;
				SWIFT_VERSION = 5.0;
				TARGETED_DEVICE_FAMILY = 4;
				WATCHOS_DEPLOYMENT_TARGET = 26.2;
			};
			name = Debug;
		};
		1BF63D642F181C86008F8F52 /* Release */ = {
			isa = XCBuildConfiguration;
			buildSettings = {
				ASSETCATALOG_COMPILER_APPICON_NAME = AppIcon;
				ASSETCATALOG_COMPILER_GLOBAL_ACCENT_COLOR_NAME = AccentColor;
				CODE_SIGN_ENTITLEMENTS = "watch-car-step Watch App/watch-car-step Watch App.entitlements";
				CODE_SIGN_STYLE = Automatic;
				CURRENT_PROJECT_VERSION = 1;
				DEVELOPMENT_TEAM = NL87JTT4RX;
				ENABLE_PREVIEWS = YES;
				GENERATE_INFOPLIST_FILE = YES;
				INFOPLIST_KEY_CFBundleDisplayName = "watch-car-step";
				INFOPLIST_KEY_NSHealthShareUsageDescription = "Pleas allow so we can use your steps";
				INFOPLIST_KEY_UISupportedInterfaceOrientations = "UIInterfaceOrientationPortrait UIInterfaceOrientationPortraitUpsideDown";
				INFOPLIST_KEY_WKCompanionAppBundleIdentifier = "maximtamp.car-step";
				LD_RUNPATH_SEARCH_PATHS = (
					"$(inherited)",
					"@executable_path/Frameworks",
				);
				MARKETING_VERSION = 1.0;
				PRODUCT_BUNDLE_IDENTIFIER = "maximtamp.car-step.watchkitapp";
				PRODUCT_NAME = "$(TARGET_NAME)";
				SDKROOT = watchos;
				SKIP_INSTALL = YES;
				STRING_CATALOG_GENERATE_SYMBOLS = YES;
				SWIFT_APPROACHABLE_CONCURRENCY = YES;
				SWIFT_DEFAULT_ACTOR_ISOLATION = MainActor;
				SWIFT_EMIT_LOC_STRINGS = YES;
				SWIFT_UPCOMING_FEATURE_MEMBER_IMPORT_VISIBILITY = YES;
				SWIFT_VERSION = 5.0;
				TARGETED_DEVICE_FAMILY = 4;
				WATCHOS_DEPLOYMENT_TARGET = 26.2;
			};
			name = Release;
		};
		1BF63D672F181C86008F8F52 /* Debug */ = {
			isa = XCBuildConfiguration;
			buildSettings = {
				BUNDLE_LOADER = "$(TEST_HOST)";
				CODE_SIGN_STYLE = Automatic;
				CURRENT_PROJECT_VERSION = 1;
				DEVELOPMENT_TEAM = NL87JTT4RX;
				GENERATE_INFOPLIST_FILE = YES;
				MARKETING_VERSION = 1.0;
				PRODUCT_BUNDLE_IDENTIFIER = "maximtamp.watch-car-step-Watch-AppTests";
				PRODUCT_NAME = "$(TARGET_NAME)";
				SDKROOT = watchos;
				STRING_CATALOG_GENERATE_SYMBOLS = NO;
				SWIFT_APPROACHABLE_CONCURRENCY = YES;
				SWIFT_EMIT_LOC_STRINGS = NO;
				SWIFT_UPCOMING_FEATURE_MEMBER_IMPORT_VISIBILITY = YES;
				SWIFT_VERSION = 5.0;
				TARGETED_DEVICE_FAMILY = 4;
				TEST_HOST = "$(BUILT_PRODUCTS_DIR)/watch-car-step Watch App.app/$(BUNDLE_EXECUTABLE_FOLDER_PATH)/watch-car-step Watch App";
				WATCHOS_DEPLOYMENT_TARGET = 26.2;
			};
			name = Debug;
		};
		1BF63D682F181C86008F8F52 /* Release */ = {
			isa = XCBuildConfiguration;
			buildSettings = {
				BUNDLE_LOADER = "$(TEST_HOST)";
				CODE_SIGN_STYLE = Automatic;
				CURRENT_PROJECT_VERSION = 1;
				DEVELOPMENT_TEAM = NL87JTT4RX;
				GENERATE_INFOPLIST_FILE = YES;
				MARKETING_VERSION = 1.0;
				PRODUCT_BUNDLE_IDENTIFIER = "maximtamp.watch-car-step-Watch-AppTests";
				PRODUCT_NAME = "$(TARGET_NAME)";
				SDKROOT = watchos;
				STRING_CATALOG_GENERATE_SYMBOLS = NO;
				SWIFT_APPROACHABLE_CONCURRENCY = YES;
				SWIFT_EMIT_LOC_STRINGS = NO;
				SWIFT_UPCOMING_FEATURE_MEMBER_IMPORT_VISIBILITY = YES;
				SWIFT_VERSION = 5.0;
				TARGETED_DEVICE_FAMILY = 4;
				TEST_HOST = "$(BUILT_PRODUCTS_DIR)/watch-car-step Watch App.app/$(BUNDLE_EXECUTABLE_FOLDER_PATH)/watch-car-step Watch App";
				WATCHOS_DEPLOYMENT_TARGET = 26.2;
			};
			name = Release;
		};
		1BF63D6A2F181C86008F8F52 /* Debug */ = {
			isa = XCBuildConfiguration;
			buildSettings = {
				CODE_SIGN_STYLE = Automatic;
				CURRENT_PROJECT_VERSION = 1;
				DEVELOPMENT_TEAM = NL87JTT4RX;
				GENERATE_INFOPLIST_FILE = YES;
				MARKETING_VERSION = 1.0;
				PRODUCT_BUNDLE_IDENTIFIER = "maximtamp.watch-car-step-Watch-AppUITests";
				PRODUCT_NAME = "$(TARGET_NAME)";
				SDKROOT = watchos;
				STRING_CATALOG_GENERATE_SYMBOLS = NO;
				SWIFT_APPROACHABLE_CONCURRENCY = YES;
				SWIFT_EMIT_LOC_STRINGS = NO;
				SWIFT_UPCOMING_FEATURE_MEMBER_IMPORT_VISIBILITY = YES;
				SWIFT_VERSION = 5.0;
				TARGETED_DEVICE_FAMILY = 4;
				TEST_TARGET_NAME = "watch-car-step Watch App";
				WATCHOS_DEPLOYMENT_TARGET = 26.2;
			};
			name = Debug;
		};
		1BF63D6B2F181C86008F8F52 /* Release */ = {
			isa = XCBuildConfiguration;
			buildSettings = {
				CODE_SIGN_STYLE = Automatic;
				CURRENT_PROJECT_VERSION = 1;
				DEVELOPMENT_TEAM = NL87JTT4RX;
				GENERATE_INFOPLIST_FILE = YES;
				MARKETING_VERSION = 1.0;
				PRODUCT_BUNDLE_IDENTIFIER = "maximtamp.watch-car-step-Watch-AppUITests";
				PRODUCT_NAME = "$(TARGET_NAME)";
				SDKROOT = watchos;
				STRING_CATALOG_GENERATE_SYMBOLS = NO;
				SWIFT_APPROACHABLE_CONCURRENCY = YES;
				SWIFT_EMIT_LOC_STRINGS = NO;
				SWIFT_UPCOMING_FEATURE_MEMBER_IMPORT_VISIBILITY = YES;
				SWIFT_VERSION = 5.0;
				TARGETED_DEVICE_FAMILY = 4;
				TEST_TARGET_NAME = "watch-car-step Watch App";
				WATCHOS_DEPLOYMENT_TARGET = 26.2;
			};
			name = Release;
		};
/* End XCBuildConfiguration section */

/* Begin XCConfigurationList section */
		1B6F40702F0E8A6F00AE9D82 /* Build configuration list for PBXProject "car-step" */ = {
			isa = XCConfigurationList;
			buildConfigurations = (
				1B6F40942F0E8A7100AE9D82 /* Debug */,
				1B6F40952F0E8A7100AE9D82 /* Release */,
			);
			defaultConfigurationIsVisible = 0;
			defaultConfigurationName = Release;
		};
		1B6F40962F0E8A7100AE9D82 /* Build configuration list for PBXNativeTarget "car-step" */ = {
			isa = XCConfigurationList;
			buildConfigurations = (
				1B6F40972F0E8A7100AE9D82 /* Debug */,
				1B6F40982F0E8A7100AE9D82 /* Release */,
			);
			defaultConfigurationIsVisible = 0;
			defaultConfigurationName = Release;
		};
		1B6F40992F0E8A7100AE9D82 /* Build configuration list for PBXNativeTarget "car-stepTests" */ = {
			isa = XCConfigurationList;
			buildConfigurations = (
				1B6F409A2F0E8A7100AE9D82 /* Debug */,
				1B6F409B2F0E8A7100AE9D82 /* Release */,
			);
			defaultConfigurationIsVisible = 0;
			defaultConfigurationName = Release;
		};
		1B6F409C2F0E8A7100AE9D82 /* Build configuration list for PBXNativeTarget "car-stepUITests" */ = {
			isa = XCConfigurationList;
			buildConfigurations = (
				1B6F409D2F0E8A7100AE9D82 /* Debug */,
				1B6F409E2F0E8A7100AE9D82 /* Release */,
			);
			defaultConfigurationIsVisible = 0;
			defaultConfigurationName = Release;
		};
		1BF63D622F181C86008F8F52 /* Build configuration list for PBXNativeTarget "watch-car-step Watch App" */ = {
			isa = XCConfigurationList;
			buildConfigurations = (
				1BF63D632F181C86008F8F52 /* Debug */,
				1BF63D642F181C86008F8F52 /* Release */,
			);
			defaultConfigurationIsVisible = 0;
			defaultConfigurationName = Release;
		};
		1BF63D662F181C86008F8F52 /* Build configuration list for PBXNativeTarget "watch-car-step Watch AppTests" */ = {
			isa = XCConfigurationList;
			buildConfigurations = (
				1BF63D672F181C86008F8F52 /* Debug */,
				1BF63D682F181C86008F8F52 /* Release */,
			);
			defaultConfigurationIsVisible = 0;
			defaultConfigurationName = Release;
		};
		1BF63D692F181C86008F8F52 /* Build configuration list for PBXNativeTarget "watch-car-step Watch AppUITests" */ = {
			isa = XCConfigurationList;
			buildConfigurations = (
				1BF63D6A2F181C86008F8F52 /* Debug */,
				1BF63D6B2F181C86008F8F52 /* Release */,
			);
			defaultConfigurationIsVisible = 0;
			defaultConfigurationName = Release;
		};
/* End XCConfigurationList section */

/* Begin XCRemoteSwiftPackageReference section */
		1B0164C82F20C70300BD09BD /* XCRemoteSwiftPackageReference "supabase-swift" */ = {
			isa = XCRemoteSwiftPackageReference;
			repositoryURL = "https://github.com/supabase/supabase-swift";
			requirement = {
				kind = upToNextMajorVersion;
				minimumVersion = 2.5.1;
			};
		};
/* End XCRemoteSwiftPackageReference section */

/* Begin XCSwiftPackageProductDependency section */
		1B0164C92F20C70300BD09BD /* Auth */ = {
			isa = XCSwiftPackageProductDependency;
			package = 1B0164C82F20C70300BD09BD /* XCRemoteSwiftPackageReference "supabase-swift" */;
			productName = Auth;
		};
		1B0164CB2F20C70300BD09BD /* Functions */ = {
			isa = XCSwiftPackageProductDependency;
			package = 1B0164C82F20C70300BD09BD /* XCRemoteSwiftPackageReference "supabase-swift" */;
			productName = Functions;
		};
		1B0164CD2F20C70300BD09BD /* PostgREST */ = {
			isa = XCSwiftPackageProductDependency;
			package = 1B0164C82F20C70300BD09BD /* XCRemoteSwiftPackageReference "supabase-swift" */;
			productName = PostgREST;
		};
		1B0164CF2F20C70300BD09BD /* Realtime */ = {
			isa = XCSwiftPackageProductDependency;
			package = 1B0164C82F20C70300BD09BD /* XCRemoteSwiftPackageReference "supabase-swift" */;
			productName = Realtime;
		};
		1B0164D12F20C70300BD09BD /* Storage */ = {
			isa = XCSwiftPackageProductDependency;
			package = 1B0164C82F20C70300BD09BD /* XCRemoteSwiftPackageReference "supabase-swift" */;
			productName = Storage;
		};
		1B0164D32F20C70300BD09BD /* Supabase */ = {
			isa = XCSwiftPackageProductDependency;
			package = 1B0164C82F20C70300BD09BD /* XCRemoteSwiftPackageReference "supabase-swift" */;
			productName = Supabase;
		};
/* End XCSwiftPackageProductDependency section */
	};
	rootObject = 1B6F406D2F0E8A6F00AE9D82 /* Project object */;
}
